
Microsoft Visual Studio Solution File, Format Version 12.00
# Visual Studio 14
VisualStudioVersion = 14.0.25420.1
MinimumVisualStudioVersion = 10.0.40219.1
Project("{FAE04EC0-301F-11D3-BF4B-00C04F79EFBC}") = "WebAPI", "WebAPI\WebAPI.csproj", "{55079B32-397D-49D3-86E1-202077294336}"
EndProject
Project("{FAE04EC0-301F-11D3-BF4B-00C04F79EFBC}") = "WebUI", "WebUI\WebUI.csproj", "{B19EF847-0963-4345-AF4A-61C8F405EECB}"
EndProject
Project("{FAE04EC0-301F-11D3-BF4B-00C04F79EFBC}") = "Navision", "Navision\Navision.csproj", "{7252A380-509B-4352-8584-1B75FE2DE511}"
EndProject
Project("{2150E333-8FDC-42A3-9474-1A3956D46DE8}") = "Backend", "Backend", "{73A10662-664F-4EB7-97AD-0521FE34E81E}"
EndProject
Global
	GlobalSection(SolutionConfigurationPlatforms) = preSolution
		Debug|Any CPU = Debug|Any CPU
		Release|Any CPU = Release|Any CPU
	EndGlobalSection
	GlobalSection(ProjectConfigurationPlatforms) = postSolution
		{55079B32-397D-49D3-86E1-202077294336}.Debug|Any CPU.ActiveCfg = Debug|Any CPU
		{55079B32-397D-49D3-86E1-202077294336}.Debug|Any CPU.Build.0 = Debug|Any CPU
		{55079B32-397D-49D3-86E1-202077294336}.Release|Any CPU.ActiveCfg = Release|Any CPU
		{55079B32-397D-49D3-86E1-202077294336}.Release|Any CPU.Build.0 = Release|Any CPU
		{B19EF847-0963-4345-AF4A-61C8F405EECB}.Debug|Any CPU.ActiveCfg = Debug|Any CPU
		{B19EF847-0963-4345-AF4A-61C8F405EECB}.Debug|Any CPU.Build.0 = Debug|Any CPU
		{B19EF847-0963-4345-AF4A-61C8F405EECB}.Release|Any CPU.ActiveCfg = Release|Any CPU
		{B19EF847-0963-4345-AF4A-61C8F405EECB}.Release|Any CPU.Build.0 = Release|Any CPU
		{7252A380-509B-4352-8584-1B75FE2DE511}.Debug|Any CPU.ActiveCfg = Debug|Any CPU
		{7252A380-509B-4352-8584-1B75FE2DE511}.Debug|Any CPU.Build.0 = Debug|Any CPU
		{7252A380-509B-4352-8584-1B75FE2DE511}.Release|Any CPU.ActiveCfg = Release|Any CPU
		{7252A380-509B-4352-8584-1B75FE2DE511}.Release|Any CPU.Build.0 = Release|Any CPU
	EndGlobalSection
	GlobalSection(SolutionProperties) = preSolution
		HideSolutionNode = FALSE
	EndGlobalSection
	GlobalSection(NestedProjects) = preSolution
		{55079B32-397D-49D3-86E1-202077294336} = {73A10662-664F-4EB7-97AD-0521FE34E81E}
		{7252A380-509B-4352-8584-1B75FE2DE511} = {73A10662-664F-4EB7-97AD-0521FE34E81E}
	EndGlobalSection
EndGlobal
